# THIS IS AN AUTOGENERATED FILE. DO NOT EDIT THIS FILE DIRECTLY.
# yarn lockfile v1


ccxt@^4.3.2:
  version "4.3.2"
  resolved "https://registry.yarnpkg.com/ccxt/-/ccxt-4.3.2.tgz#850db5cd7c6cd97be12c0e26ca1ceae08bdc1846"
  integrity sha512-23USAcvJGl9FY0NBDJORHAn6OXrgrmi2WnkttUpror7LI+ZfwoHTFmwJoe8p89mx2C3isTo0vCCOY4F57uVS+g==
  dependencies:
    ws "^8.8.1"

ws@^8.8.1:
  version "8.16.0"
  resolved "https://registry.yarnpkg.com/ws/-/ws-8.16.0.tgz#d1cd774f36fbc07165066a60e40323eab6446fd4"
  integrity sha512-HS0c//TP7Ina87TfiPUz1rQzMhHrl/SG2guqRcTOIUYD2q8uhUdNHZYJUaQ8aTGPzCh+c6oawMKW35nFl1dxyQ==
