# THIS IS AN AUTOGENERATED FILE. DO NOT EDIT THIS FILE DIRECTLY.
# yarn lockfile v1


"@react-native-firebase/auth@^19.2.2":
  version "19.2.2"
  resolved "https://registry.yarnpkg.com/@react-native-firebase/auth/-/auth-19.2.2.tgz#ec44f29c8a4427048db19a1c61df1415139d74fe"
  integrity sha512-2TbbieNAmZSR3wqJZdQyFAT4vISESfvB3I3j/ll+3SS91fV2h0/H4xnBapoOEeXBGxioBGKXBOP3C4ySRXNV6g==
  dependencies:
    plist "^3.1.0"

"@xmldom/xmldom@^0.8.8":
  version "0.8.10"
  resolved "https://registry.yarnpkg.com/@xmldom/xmldom/-/xmldom-0.8.10.tgz#a1337ca426aa61cef9fe15b5b28e340a72f6fa99"
  integrity sha512-2WALfTl4xo2SkGCYRt6rDTFfk9R1czmBvUQy12gK2KuRKIpWEhcbbzy8EZXtz/jkRqHX8bFEc6FC1HjX4TUWYw==

base64-js@^1.5.1:
  version "1.5.1"
  resolved "https://registry.yarnpkg.com/base64-js/-/base64-js-1.5.1.tgz#1b1b440160a5bf7ad40b650f095963481903930a"
  integrity sha512-AKpaYlHn8t4SVbOHCy+b5+KKgvR4vrsD8vbvrbiQJps7fKDTkjkDry6ji0rUJjC0kzbNePLwzxq8iypo41qeWA==

ccxt@^4.3.2:
  version "4.3.2"
  resolved "https://registry.yarnpkg.com/ccxt/-/ccxt-4.3.2.tgz#850db5cd7c6cd97be12c0e26ca1ceae08bdc1846"
  integrity sha512-23USAcvJGl9FY0NBDJORHAn6OXrgrmi2WnkttUpror7LI+ZfwoHTFmwJoe8p89mx2C3isTo0vCCOY4F57uVS+g==
  dependencies:
    ws "^8.8.1"

plist@^3.1.0:
  version "3.1.0"
  resolved "https://registry.yarnpkg.com/plist/-/plist-3.1.0.tgz#797a516a93e62f5bde55e0b9cc9c967f860893c9"
  integrity sha512-uysumyrvkUX0rX/dEVqt8gC3sTBzd4zoWfLeS29nb53imdaXVvLINYXTI2GNqzaMuvacNx4uJQ8+b3zXR0pkgQ==
  dependencies:
    "@xmldom/xmldom" "^0.8.8"
    base64-js "^1.5.1"
    xmlbuilder "^15.1.1"

ws@^8.8.1:
  version "8.16.0"
  resolved "https://registry.yarnpkg.com/ws/-/ws-8.16.0.tgz#d1cd774f36fbc07165066a60e40323eab6446fd4"
  integrity sha512-HS0c//TP7Ina87TfiPUz1rQzMhHrl/SG2guqRcTOIUYD2q8uhUdNHZYJUaQ8aTGPzCh+c6oawMKW35nFl1dxyQ==

xmlbuilder@^15.1.1:
  version "15.1.1"
  resolved "https://registry.yarnpkg.com/xmlbuilder/-/xmlbuilder-15.1.1.tgz#9dcdce49eea66d8d10b42cae94a79c3c8d0c2ec5"
  integrity sha512-yMqGBqtXyeN1e3TGYvgNgDVZ3j84W4cwkOXQswghol6APgZWaff9lnbvN7MHYJOiXsvGPXtjTYJEiC9J2wv9Eg==
